
Microsoft Visual Studio Solution File, Format Version 12.00
# Visual Studio Version 17
VisualStudioVersion = 17.2.32630.192
MinimumVisualStudioVersion = 10.0.40219.1
Project("{FAE04EC0-301F-11D3-BF4B-00C04F79EFBC}") = "HotelListing.API", "HotelListing.API\HotelListing.API.csproj", "{2F5D882D-0014-45F3-BA95-C4CD314AAD58}"
EndProject
Global
	GlobalSection(SolutionConfigurationPlatforms) = preSolution
		Debug|Any CPU = Debug|Any CPU
		Release|Any CPU = Release|Any CPU
	EndGlobalSection
	GlobalSection(ProjectConfigurationPlatforms) = postSolution
		{2F5D882D-0014-45F3-BA95-C4CD314AAD58}.Debug|Any CPU.ActiveCfg = Debug|Any CPU
		{2F5D882D-0014-45F3-BA95-C4CD314AAD58}.Debug|Any CPU.Build.0 = Debug|Any CPU
		{2F5D882D-0014-45F3-BA95-C4CD314AAD58}.Release|Any CPU.ActiveCfg = Release|Any CPU
		{2F5D882D-0014-45F3-BA95-C4CD314AAD58}.Release|Any CPU.Build.0 = Release|Any CPU
	EndGlobalSection
	GlobalSection(SolutionProperties) = preSolution
		HideSolutionNode = FALSE
	EndGlobalSection
	GlobalSection(ExtensibilityGlobals) = postSolution
		SolutionGuid = {A89F5E9A-2321-4D68-993C-63A220C06722}
	EndGlobalSection
EndGlobal
